
Microsoft Visual Studio Solution File, Format Version 12.00
# Visual Studio Version 16
VisualStudioVersion = 16.0.31829.152
MinimumVisualStudioVersion = 10.0.40219.1
Project("{FAE04EC0-301F-11D3-BF4B-00C04F79EFBC}") = "KoalaBankApp", "KoalaBankApp\KoalaBankApp.csproj", "{881D1902-D5DC-4749-BE2F-2B33DD6AD9C5}"
EndProject
Global
	GlobalSection(SolutionConfigurationPlatforms) = preSolution
		Debug|Any CPU = Debug|Any CPU
		Release|Any CPU = Release|Any CPU
	EndGlobalSection
	GlobalSection(ProjectConfigurationPlatforms) = postSolution
		{881D1902-D5DC-4749-BE2F-2B33DD6AD9C5}.Debug|Any CPU.ActiveCfg = Debug|Any CPU
		{881D1902-D5DC-4749-BE2F-2B33DD6AD9C5}.Debug|Any CPU.Build.0 = Debug|Any CPU
		{881D1902-D5DC-4749-BE2F-2B33DD6AD9C5}.Release|Any CPU.ActiveCfg = Release|Any CPU
		{881D1902-D5DC-4749-BE2F-2B33DD6AD9C5}.Release|Any CPU.Build.0 = Release|Any CPU
	EndGlobalSection
	GlobalSection(SolutionProperties) = preSolution
		HideSolutionNode = FALSE
	EndGlobalSection
	GlobalSection(ExtensibilityGlobals) = postSolution
		SolutionGuid = {6DEDEA89-6359-488F-B623-9A9592E70D17}
	EndGlobalSection
EndGlobal
